
Microsoft Visual Studio Solution File, Format Version 12.00
# Visual Studio Version 16
VisualStudioVersion = 25.0.1706.14
MinimumVisualStudioVersion = 10.0.40219.1
Project("{FAE04EC0-301F-11D3-BF4B-00C04F79EFBC}") = "TestApp.Android", "TestApp\TestApp.Android\TestApp.Android.csproj", "{82D4D763-B4F5-4C9A-B93D-FF690076DCAA}"
EndProject
Project("{FAE04EC0-301F-11D3-BF4B-00C04F79EFBC}") = "TestApp", "TestApp\TestApp\TestApp.csproj", "{D9BA1518-41AD-42EB-829A-2DF28823FE05}"
EndProject
Global
	GlobalSection(SolutionConfigurationPlatforms) = preSolution
		Debug|Any CPU = Debug|Any CPU
		Release|Any CPU = Release|Any CPU
	EndGlobalSection
	GlobalSection(ProjectConfigurationPlatforms) = postSolution
		{82D4D763-B4F5-4C9A-B93D-FF690076DCAA}.Debug|Any CPU.ActiveCfg = Debug|Any CPU
		{82D4D763-B4F5-4C9A-B93D-FF690076DCAA}.Debug|Any CPU.Build.0 = Debug|Any CPU
		{82D4D763-B4F5-4C9A-B93D-FF690076DCAA}.Release|Any CPU.ActiveCfg = Release|Any CPU
		{82D4D763-B4F5-4C9A-B93D-FF690076DCAA}.Release|Any CPU.Build.0 = Release|Any CPU
		{D9BA1518-41AD-42EB-829A-2DF28823FE05}.Debug|Any CPU.ActiveCfg = Debug|Any CPU
		{D9BA1518-41AD-42EB-829A-2DF28823FE05}.Debug|Any CPU.Build.0 = Debug|Any CPU
		{D9BA1518-41AD-42EB-829A-2DF28823FE05}.Release|Any CPU.ActiveCfg = Release|Any CPU
		{D9BA1518-41AD-42EB-829A-2DF28823FE05}.Release|Any CPU.Build.0 = Release|Any CPU
	EndGlobalSection
	GlobalSection(SolutionProperties) = preSolution
		HideSolutionNode = FALSE
	EndGlobalSection
	GlobalSection(ExtensibilityGlobals) = postSolution
		SolutionGuid = {D5701EBF-298F-494C-9E1A-AA172F6A9301}
	EndGlobalSection
EndGlobal
